
Microsoft Visual Studio Solution File, Format Version 12.00
# Visual Studio Version 17
VisualStudioVersion = 17.3.32929.385
MinimumVisualStudioVersion = 10.0.40219.1
Project("{FAE04EC0-301F-11D3-BF4B-00C04F79EFBC}") = "CollectionsExamples", "CollectionsExamples.csproj", "{BFC5568F-E49B-45B8-AECA-A8579307FA07}"
EndProject
Global
	GlobalSection(SolutionConfigurationPlatforms) = preSolution
		Debug|Any CPU = Debug|Any CPU
		Release|Any CPU = Release|Any CPU
	EndGlobalSection
	GlobalSection(ProjectConfigurationPlatforms) = postSolution
		{BFC5568F-E49B-45B8-AECA-A8579307FA07}.Debug|Any CPU.ActiveCfg = Debug|Any CPU
		{BFC5568F-E49B-45B8-AECA-A8579307FA07}.Debug|Any CPU.Build.0 = Debug|Any CPU
		{BFC5568F-E49B-45B8-AECA-A8579307FA07}.Release|Any CPU.ActiveCfg = Release|Any CPU
		{BFC5568F-E49B-45B8-AECA-A8579307FA07}.Release|Any CPU.Build.0 = Release|Any CPU
	EndGlobalSection
	GlobalSection(SolutionProperties) = preSolution
		HideSolutionNode = FALSE
	EndGlobalSection
	GlobalSection(ExtensibilityGlobals) = postSolution
		SolutionGuid = {73DA380C-413F-42B1-9F29-663CF627D582}
	EndGlobalSection
EndGlobal
