
Microsoft Visual Studio Solution File, Format Version 12.00
# Visual Studio Version 17
VisualStudioVersion = 17.3.32929.385
MinimumVisualStudioVersion = 10.0.40219.1
Project("{FAE04EC0-301F-11D3-BF4B-00C04F79EFBC}") = "Strings", "Strings.csproj", "{D22A3CE0-D2C8-4AD0-989C-6D7630482C48}"
EndProject
Global
	GlobalSection(SolutionConfigurationPlatforms) = preSolution
		Debug|Any CPU = Debug|Any CPU
		Release|Any CPU = Release|Any CPU
	EndGlobalSection
	GlobalSection(ProjectConfigurationPlatforms) = postSolution
		{D22A3CE0-D2C8-4AD0-989C-6D7630482C48}.Debug|Any CPU.ActiveCfg = Debug|Any CPU
		{D22A3CE0-D2C8-4AD0-989C-6D7630482C48}.Debug|Any CPU.Build.0 = Debug|Any CPU
		{D22A3CE0-D2C8-4AD0-989C-6D7630482C48}.Release|Any CPU.ActiveCfg = Release|Any CPU
		{D22A3CE0-D2C8-4AD0-989C-6D7630482C48}.Release|Any CPU.Build.0 = Release|Any CPU
	EndGlobalSection
	GlobalSection(SolutionProperties) = preSolution
		HideSolutionNode = FALSE
	EndGlobalSection
	GlobalSection(ExtensibilityGlobals) = postSolution
		SolutionGuid = {2D4E056E-2985-45CD-9443-22EAE99033A4}
	EndGlobalSection
EndGlobal
